
Microsoft Visual Studio Solution File, Format Version 12.00
# Visual Studio Version 17
VisualStudioVersion = 17.4.33103.184
MinimumVisualStudioVersion = 10.0.40219.1
Project("{FAE04EC0-301F-11D3-BF4B-00C04F79EFBC}") = "repositoryPattern", "repositoryPattern\repositoryPattern.csproj", "{919834D6-DA0A-49B7-AC37-2395FFF0C0BF}"
EndProject
Global
	GlobalSection(SolutionConfigurationPlatforms) = preSolution
		Debug|Any CPU = Debug|Any CPU
		Release|Any CPU = Release|Any CPU
	EndGlobalSection
	GlobalSection(ProjectConfigurationPlatforms) = postSolution
		{919834D6-DA0A-49B7-AC37-2395FFF0C0BF}.Debug|Any CPU.ActiveCfg = Debug|Any CPU
		{919834D6-DA0A-49B7-AC37-2395FFF0C0BF}.Debug|Any CPU.Build.0 = Debug|Any CPU
		{919834D6-DA0A-49B7-AC37-2395FFF0C0BF}.Release|Any CPU.ActiveCfg = Release|Any CPU
		{919834D6-DA0A-49B7-AC37-2395FFF0C0BF}.Release|Any CPU.Build.0 = Release|Any CPU
	EndGlobalSection
	GlobalSection(SolutionProperties) = preSolution
		HideSolutionNode = FALSE
	EndGlobalSection
	GlobalSection(ExtensibilityGlobals) = postSolution
		SolutionGuid = {19F7BB9F-A456-479A-97AF-DC0F8AC2FF3F}
	EndGlobalSection
EndGlobal
